// !$*UTF8*$!
{
	archiveVersion = 1;
	classes = {
	};
	objectVersion = 51;
	objects = {

/* Begin PBXBuildFile section */
		830B49292321C74D008AC4C1 /* PhotoAttachment.swift in Sources */ = {isa = PBXBuildFile; fileRef = 830B49282321C74D008AC4C1 /* PhotoAttachment.swift */; };
		8338B2742332B1320048B71B /* SpinnerViewController.swift in Sources */ = {isa = PBXBuildFile; fileRef = 8338B2732332B1320048B71B /* SpinnerViewController.swift */; };
		8338B38C231EE0130078B6EF /* AppDelegate.swift in Sources */ = {isa = PBXBuildFile; fileRef = 8338B38B231EE0130078B6EF /* AppDelegate.swift */; };
		8338B391231EE0130078B6EF /* Main.storyboard in Resources */ = {isa = PBXBuildFile; fileRef = 8338B38F231EE0130078B6EF /* Main.storyboard */; };
		8338B393231EE0140078B6EF /* Assets.xcassets in Resources */ = {isa = PBXBuildFile; fileRef = 8338B392231EE0140078B6EF /* Assets.xcassets */; };
		8338B396231EE0140078B6EF /* LaunchScreen.storyboard in Resources */ = {isa = PBXBuildFile; fileRef = 8338B394231EE0140078B6EF /* LaunchScreen.storyboard */; };
		8338B39E231EF9690078B6EF /* PHAssetExtensions.swift in Sources */ = {isa = PBXBuildFile; fileRef = 8338B39D231EF9690078B6EF /* PHAssetExtensions.swift */; };
		8338B3A0231EFA930078B6EF /* UploadViewController.swift in Sources */ = {isa = PBXBuildFile; fileRef = 8338B39F231EFA930078B6EF /* UploadViewController.swift */; };
		8338B3A4231EFDEA0078B6EF /* InitialViewController.swift in Sources */ = {isa = PBXBuildFile; fileRef = 8338B3A3231EFDEA0078B6EF /* InitialViewController.swift */; };
		8338B3A6231F073F0078B6EF /* UploadCell.swift in Sources */ = {isa = PBXBuildFile; fileRef = 8338B3A5231F073F0078B6EF /* UploadCell.swift */; };
		8338B3A8231F10410078B6EF /* EditViewListController.swift in Sources */ = {isa = PBXBuildFile; fileRef = 8338B3A7231F10410078B6EF /* EditViewListController.swift */; };
		8338B3AC231F118B0078B6EF /* EditListCell.swift in Sources */ = {isa = PBXBuildFile; fileRef = 8338B3AB231F118B0078B6EF /* EditListCell.swift */; };
		839512D8233544D7007226AA /* icomoon.ttf in Resources */ = {isa = PBXBuildFile; fileRef = 839512B5233544D7007226AA /* icomoon.ttf */; };
		839512D9233544D7007226AA /* StickersViewController.xib in Resources */ = {isa = PBXBuildFile; fileRef = 839512B6233544D7007226AA /* StickersViewController.xib */; };
		839512DA233544D7007226AA /* ColorsCollectionViewDelegate.swift in Sources */ = {isa = PBXBuildFile; fileRef = 839512B7233544D7007226AA /* ColorsCollectionViewDelegate.swift */; };
		839512DB233544D7007226AA /* LaunchScreen.storyboard in Resources */ = {isa = PBXBuildFile; fileRef = 839512B8233544D7007226AA /* LaunchScreen.storyboard */; };
		839512DC233544D7007226AA /* PhotoEditor+Keyboard.swift in Sources */ = {isa = PBXBuildFile; fileRef = 839512B9233544D7007226AA /* PhotoEditor+Keyboard.swift */; };
		839512DD233544D7007226AA /* PhotoEditor+Controls.swift in Sources */ = {isa = PBXBuildFile; fileRef = 839512BA233544D7007226AA /* PhotoEditor+Controls.swift */; };
		839512DE233544D7007226AA /* PhotoEditorViewController.xib in Resources */ = {isa = PBXBuildFile; fileRef = 839512BB233544D7007226AA /* PhotoEditorViewController.xib */; };
		839512DF233544D7007226AA /* PhotoEditor+StickersViewController.swift in Sources */ = {isa = PBXBuildFile; fileRef = 839512BC233544D7007226AA /* PhotoEditor+StickersViewController.swift */; };
		839512E0233544D7007226AA /* PhotoEditor+UITextView.swift in Sources */ = {isa = PBXBuildFile; fileRef = 839512BD233544D7007226AA /* PhotoEditor+UITextView.swift */; };
		839512E1233544D7007226AA /* UIImageView+Alpha.swift in Sources */ = {isa = PBXBuildFile; fileRef = 839512BE233544D7007226AA /* UIImageView+Alpha.swift */; };
		839512E2233544D7007226AA /* ColorCollectionViewCell.xib in Resources */ = {isa = PBXBuildFile; fileRef = 839512BF233544D7007226AA /* ColorCollectionViewCell.xib */; };
		839512E3233544D7007226AA /* EmojiCollectionViewCell.xib in Resources */ = {isa = PBXBuildFile; fileRef = 839512C0233544D7007226AA /* EmojiCollectionViewCell.xib */; };
		839512E4233544D7007226AA /* PhotoEditor+Font.swift in Sources */ = {isa = PBXBuildFile; fileRef = 839512C1233544D7007226AA /* PhotoEditor+Font.swift */; };
		839512E5233544D7007226AA /* PhotoCropEditorBorder@2x.png in Resources */ = {isa = PBXBuildFile; fileRef = 839512C2233544D7007226AA /* PhotoCropEditorBorder@2x.png */; };
		839512E6233544D7007226AA /* UIView+Image.swift in Sources */ = {isa = PBXBuildFile; fileRef = 839512C3233544D7007226AA /* UIView+Image.swift */; };
		839512E7233544D7007226AA /* UIImage+Size.swift in Sources */ = {isa = PBXBuildFile; fileRef = 839512C4233544D7007226AA /* UIImage+Size.swift */; };
		839512E8233544D7007226AA /* UIImage+Crop.swift in Sources */ = {isa = PBXBuildFile; fileRef = 839512C5233544D7007226AA /* UIImage+Crop.swift */; };
		839512E9233544D7007226AA /* StickersViewController.swift in Sources */ = {isa = PBXBuildFile; fileRef = 839512C6233544D7007226AA /* StickersViewController.swift */; };
		839512EA233544D7007226AA /* Protocols.swift in Sources */ = {isa = PBXBuildFile; fileRef = 839512C7233544D7007226AA /* Protocols.swift */; };
		839512EB233544D7007226AA /* PhotoEditor+Drawing.swift in Sources */ = {isa = PBXBuildFile; fileRef = 839512C8233544D7007226AA /* PhotoEditor+Drawing.swift */; };
		839512EC233544D7007226AA /* PhotoCropEditorBorder@3x.png in Resources */ = {isa = PBXBuildFile; fileRef = 839512C9233544D7007226AA /* PhotoCropEditorBorder@3x.png */; };
		839512ED233544D7007226AA /* PhotoCropEditorBorder.png in Resources */ = {isa = PBXBuildFile; fileRef = 839512CA233544D7007226AA /* PhotoCropEditorBorder.png */; };
		839512EE233544D7007226AA /* EmojiCollectionViewCell.swift in Sources */ = {isa = PBXBuildFile; fileRef = 839512CB233544D7007226AA /* EmojiCollectionViewCell.swift */; };
		839512EF233544D7007226AA /* EmojisCollectionViewDelegate.swift in Sources */ = {isa = PBXBuildFile; fileRef = 839512CC233544D7007226AA /* EmojisCollectionViewDelegate.swift */; };
		839512F0233544D7007226AA /* CropView.swift in Sources */ = {isa = PBXBuildFile; fileRef = 839512CD233544D7007226AA /* CropView.swift */; };
		839512F1233544D7007226AA /* ResizeControl.swift in Sources */ = {isa = PBXBuildFile; fileRef = 839512CE233544D7007226AA /* ResizeControl.swift */; };
		839512F2233544D7007226AA /* PhotoEditor+Gestures.swift in Sources */ = {isa = PBXBuildFile; fileRef = 839512CF233544D7007226AA /* PhotoEditor+Gestures.swift */; };
		839512F3233544D7007226AA /* PhotoEditorViewController.swift in Sources */ = {isa = PBXBuildFile; fileRef = 839512D0233544D7007226AA /* PhotoEditorViewController.swift */; };
		839512F4233544D7007226AA /* StickerCollectionViewCell.xib in Resources */ = {isa = PBXBuildFile; fileRef = 839512D1233544D7007226AA /* StickerCollectionViewCell.xib */; };
		839512F5233544D7007226AA /* StickerCollectionViewCell.swift in Sources */ = {isa = PBXBuildFile; fileRef = 839512D2233544D7007226AA /* StickerCollectionViewCell.swift */; };
		839512F6233544D7007226AA /* CropViewController.swift in Sources */ = {isa = PBXBuildFile; fileRef = 839512D3233544D7007226AA /* CropViewController.swift */; };
		839512F7233544D7007226AA /* PhotoEditor+Crop.swift in Sources */ = {isa = PBXBuildFile; fileRef = 839512D4233544D7007226AA /* PhotoEditor+Crop.swift */; };
		839512F8233544D7007226AA /* ColorCollectionViewCell.swift in Sources */ = {isa = PBXBuildFile; fileRef = 839512D5233544D7007226AA /* ColorCollectionViewCell.swift */; };
		839512F9233544D7007226AA /* GradientView.swift in Sources */ = {isa = PBXBuildFile; fileRef = 839512D6233544D7007226AA /* GradientView.swift */; };
		839512FA233544D7007226AA /* CropRectView.swift in Sources */ = {isa = PBXBuildFile; fileRef = 839512D7233544D7007226AA /* CropRectView.swift */; };
		8CB8062940A2531D6DC5D4D3 /* Pods_ImageApp.framework in Frameworks */ = {isa = PBXBuildFile; fileRef = 5EDA6CB498247040942BB914 /* Pods_ImageApp.framework */; };
/* End PBXBuildFile section */

/* Begin PBXFileReference section */
		157EF16733E61AD81BFD9093 /* Pods-ImageApp.debug.xcconfig */ = {isa = PBXFileReference; includeInIndex = 1; lastKnownFileType = text.xcconfig; name = "Pods-ImageApp.debug.xcconfig"; path = "Target Support Files/Pods-ImageApp/Pods-ImageApp.debug.xcconfig"; sourceTree = "<group>"; };
		5EDA6CB498247040942BB914 /* Pods_ImageApp.framework */ = {isa = PBXFileReference; explicitFileType = wrapper.framework; includeInIndex = 0; path = Pods_ImageApp.framework; sourceTree = BUILT_PRODUCTS_DIR; };
		74365F2B046CB7CE6F4DC8AD /* Pods-ImageApp.release.xcconfig */ = {isa = PBXFileReference; includeInIndex = 1; lastKnownFileType = text.xcconfig; name = "Pods-ImageApp.release.xcconfig"; path = "Target Support Files/Pods-ImageApp/Pods-ImageApp.release.xcconfig"; sourceTree = "<group>"; };
		830B49282321C74D008AC4C1 /* PhotoAttachment.swift */ = {isa = PBXFileReference; lastKnownFileType = sourcecode.swift; path = PhotoAttachment.swift; sourceTree = "<group>"; };
		8338B2732332B1320048B71B /* SpinnerViewController.swift */ = {isa = PBXFileReference; lastKnownFileType = sourcecode.swift; path = SpinnerViewController.swift; sourceTree = "<group>"; };
		8338B388231EE0130078B6EF /* ImageApp.app */ = {isa = PBXFileReference; explicitFileType = wrapper.application; includeInIndex = 0; path = ImageApp.app; sourceTree = BUILT_PRODUCTS_DIR; };
		8338B38B231EE0130078B6EF /* AppDelegate.swift */ = {isa = PBXFileReference; lastKnownFileType = sourcecode.swift; path = AppDelegate.swift; sourceTree = "<group>"; };
		8338B390231EE0130078B6EF /* Base */ = {isa = PBXFileReference; lastKnownFileType = file.storyboard; name = Base; path = Base.lproj/Main.storyboard; sourceTree = "<group>"; };
		8338B392231EE0140078B6EF /* Assets.xcassets */ = {isa = PBXFileReference; lastKnownFileType = folder.assetcatalog; path = Assets.xcassets; sourceTree = "<group>"; };
		8338B395231EE0140078B6EF /* Base */ = {isa = PBXFileReference; lastKnownFileType = file.storyboard; name = Base; path = Base.lproj/LaunchScreen.storyboard; sourceTree = "<group>"; };
		8338B397231EE0140078B6EF /* Info.plist */ = {isa = PBXFileReference; lastKnownFileType = text.plist.xml; path = Info.plist; sourceTree = "<group>"; };
		8338B39D231EF9690078B6EF /* PHAssetExtensions.swift */ = {isa = PBXFileReference; lastKnownFileType = sourcecode.swift; path = PHAssetExtensions.swift; sourceTree = "<group>"; };
		8338B39F231EFA930078B6EF /* UploadViewController.swift */ = {isa = PBXFileReference; lastKnownFileType = sourcecode.swift; path = UploadViewController.swift; sourceTree = "<group>"; };
		8338B3A3231EFDEA0078B6EF /* InitialViewController.swift */ = {isa = PBXFileReference; lastKnownFileType = sourcecode.swift; path = InitialViewController.swift; sourceTree = "<group>"; };
		8338B3A5231F073F0078B6EF /* UploadCell.swift */ = {isa = PBXFileReference; lastKnownFileType = sourcecode.swift; path = UploadCell.swift; sourceTree = "<group>"; };
		8338B3A7231F10410078B6EF /* EditViewListController.swift */ = {isa = PBXFileReference; lastKnownFileType = sourcecode.swift; path = EditViewListController.swift; sourceTree = "<group>"; };
		8338B3AB231F118B0078B6EF /* EditListCell.swift */ = {isa = PBXFileReference; lastKnownFileType = sourcecode.swift; path = EditListCell.swift; sourceTree = "<group>"; };
		839512B5233544D7007226AA /* icomoon.ttf */ = {isa = PBXFileReference; lastKnownFileType = file; path = icomoon.ttf; sourceTree = "<group>"; };
		839512B6233544D7007226AA /* StickersViewController.xib */ = {isa = PBXFileReference; fileEncoding = 4; lastKnownFileType = file.xib; path = StickersViewController.xib; sourceTree = "<group>"; };
		839512B7233544D7007226AA /* ColorsCollectionViewDelegate.swift */ = {isa = PBXFileReference; fileEncoding = 4; lastKnownFileType = sourcecode.swift; path = ColorsCollectionViewDelegate.swift; sourceTree = "<group>"; };
		839512B8233544D7007226AA /* LaunchScreen.storyboard */ = {isa = PBXFileReference; fileEncoding = 4; lastKnownFileType = file.storyboard; path = LaunchScreen.storyboard; sourceTree = "<group>"; };
		839512B9233544D7007226AA /* PhotoEditor+Keyboard.swift */ = {isa = PBXFileReference; fileEncoding = 4; lastKnownFileType = sourcecode.swift; path = "PhotoEditor+Keyboard.swift"; sourceTree = "<group>"; };
		839512BA233544D7007226AA /* PhotoEditor+Controls.swift */ = {isa = PBXFileReference; fileEncoding = 4; lastKnownFileType = sourcecode.swift; path = "PhotoEditor+Controls.swift"; sourceTree = "<group>"; };
		839512BB233544D7007226AA /* PhotoEditorViewController.xib */ = {isa = PBXFileReference; fileEncoding = 4; lastKnownFileType = file.xib; path = PhotoEditorViewController.xib; sourceTree = "<group>"; };
		839512BC233544D7007226AA /* PhotoEditor+StickersViewController.swift */ = {isa = PBXFileReference; fileEncoding = 4; lastKnownFileType = sourcecode.swift; path = "PhotoEditor+StickersViewController.swift"; sourceTree = "<group>"; };
		839512BD233544D7007226AA /* PhotoEditor+UITextView.swift */ = {isa = PBXFileReference; fileEncoding = 4; lastKnownFileType = sourcecode.swift; path = "PhotoEditor+UITextView.swift"; sourceTree = "<group>"; };
		839512BE233544D7007226AA /* UIImageView+Alpha.swift */ = {isa = PBXFileReference; fileEncoding = 4; lastKnownFileType = sourcecode.swift; path = "UIImageView+Alpha.swift"; sourceTree = "<group>"; };
		839512BF233544D7007226AA /* ColorCollectionViewCell.xib */ = {isa = PBXFileReference; fileEncoding = 4; lastKnownFileType = file.xib; path = ColorCollectionViewCell.xib; sourceTree = "<group>"; };
		839512C0233544D7007226AA /* EmojiCollectionViewCell.xib */ = {isa = PBXFileReference; fileEncoding = 4; lastKnownFileType = file.xib; path = EmojiCollectionViewCell.xib; sourceTree = "<group>"; };
		839512C1233544D7007226AA /* PhotoEditor+Font.swift */ = {isa = PBXFileReference; fileEncoding = 4; lastKnownFileType = sourcecode.swift; path = "PhotoEditor+Font.swift"; sourceTree = "<group>"; };
		839512C2233544D7007226AA /* PhotoCropEditorBorder@2x.png */ = {isa = PBXFileReference; lastKnownFileType = image.png; path = "PhotoCropEditorBorder@2x.png"; sourceTree = "<group>"; };
		839512C3233544D7007226AA /* UIView+Image.swift */ = {isa = PBXFileReference; fileEncoding = 4; lastKnownFileType = sourcecode.swift; path = "UIView+Image.swift"; sourceTree = "<group>"; };
		839512C4233544D7007226AA /* UIImage+Size.swift */ = {isa = PBXFileReference; fileEncoding = 4; lastKnownFileType = sourcecode.swift; path = "UIImage+Size.swift"; sourceTree = "<group>"; };
		839512C5233544D7007226AA /* UIImage+Crop.swift */ = {isa = PBXFileReference; fileEncoding = 4; lastKnownFileType = sourcecode.swift; path = "UIImage+Crop.swift"; sourceTree = "<group>"; };
		839512C6233544D7007226AA /* StickersViewController.swift */ = {isa = PBXFileReference; fileEncoding = 4; lastKnownFileType = sourcecode.swift; path = StickersViewController.swift; sourceTree = "<group>"; };
		839512C7233544D7007226AA /* Protocols.swift */ = {isa = PBXFileReference; fileEncoding = 4; lastKnownFileType = sourcecode.swift; path = Protocols.swift; sourceTree = "<group>"; };
		839512C8233544D7007226AA /* PhotoEditor+Drawing.swift */ = {isa = PBXFileReference; fileEncoding = 4; lastKnownFileType = sourcecode.swift; path = "PhotoEditor+Drawing.swift"; sourceTree = "<group>"; };
		839512C9233544D7007226AA /* PhotoCropEditorBorder@3x.png */ = {isa = PBXFileReference; lastKnownFileType = image.png; path = "PhotoCropEditorBorder@3x.png"; sourceTree = "<group>"; };
		839512CA233544D7007226AA /* PhotoCropEditorBorder.png */ = {isa = PBXFileReference; lastKnownFileType = image.png; path = PhotoCropEditorBorder.png; sourceTree = "<group>"; };
		839512CB233544D7007226AA /* EmojiCollectionViewCell.swift */ = {isa = PBXFileReference; fileEncoding = 4; lastKnownFileType = sourcecode.swift; path = EmojiCollectionViewCell.swift; sourceTree = "<group>"; };
		839512CC233544D7007226AA /* EmojisCollectionViewDelegate.swift */ = {isa = PBXFileReference; fileEncoding = 4; lastKnownFileType = sourcecode.swift; path = EmojisCollectionViewDelegate.swift; sourceTree = "<group>"; };
		839512CD233544D7007226AA /* CropView.swift */ = {isa = PBXFileReference; fileEncoding = 4; lastKnownFileType = sourcecode.swift; path = CropView.swift; sourceTree = "<group>"; };
		839512CE233544D7007226AA /* ResizeControl.swift */ = {isa = PBXFileReference; fileEncoding = 4; lastKnownFileType = sourcecode.swift; path = ResizeControl.swift; sourceTree = "<group>"; };
		839512CF233544D7007226AA /* PhotoEditor+Gestures.swift */ = {isa = PBXFileReference; fileEncoding = 4; lastKnownFileType = sourcecode.swift; path = "PhotoEditor+Gestures.swift"; sourceTree = "<group>"; };
		839512D0233544D7007226AA /* PhotoEditorViewController.swift */ = {isa = PBXFileReference; fileEncoding = 4; lastKnownFileType = sourcecode.swift; path = PhotoEditorViewController.swift; sourceTree = "<group>"; };
		839512D1233544D7007226AA /* StickerCollectionViewCell.xib */ = {isa = PBXFileReference; fileEncoding = 4; lastKnownFileType = file.xib; path = StickerCollectionViewCell.xib; sourceTree = "<group>"; };
		839512D2233544D7007226AA /* StickerCollectionViewCell.swift */ = {isa = PBXFileReference; fileEncoding = 4; lastKnownFileType = sourcecode.swift; path = StickerCollectionViewCell.swift; sourceTree = "<group>"; };
		839512D3233544D7007226AA /* CropViewController.swift */ = {isa = PBXFileReference; fileEncoding = 4; lastKnownFileType = sourcecode.swift; path = CropViewController.swift; sourceTree = "<group>"; };
		839512D4233544D7007226AA /* PhotoEditor+Crop.swift */ = {isa = PBXFileReference; fileEncoding = 4; lastKnownFileType = sourcecode.swift; path = "PhotoEditor+Crop.swift"; sourceTree = "<group>"; };
		839512D5233544D7007226AA /* ColorCollectionViewCell.swift */ = {isa = PBXFileReference; fileEncoding = 4; lastKnownFileType = sourcecode.swift; path = ColorCollectionViewCell.swift; sourceTree = "<group>"; };
		839512D6233544D7007226AA /* GradientView.swift */ = {isa = PBXFileReference; fileEncoding = 4; lastKnownFileType = sourcecode.swift; path = GradientView.swift; sourceTree = "<group>"; };
		839512D7233544D7007226AA /* CropRectView.swift */ = {isa = PBXFileReference; fileEncoding = 4; lastKnownFileType = sourcecode.swift; path = CropRectView.swift; sourceTree = "<group>"; };
/* End PBXFileReference section */

/* Begin PBXFrameworksBuildPhase section */
		8338B385231EE0130078B6EF /* Frameworks */ = {
			isa = PBXFrameworksBuildPhase;
			buildActionMask = 2147483647;
			files = (
				8CB8062940A2531D6DC5D4D3 /* Pods_ImageApp.framework in Frameworks */,
			);
			runOnlyForDeploymentPostprocessing = 0;
		};
/* End PBXFrameworksBuildPhase section */

/* Begin PBXGroup section */
		3C341B6536C1E803D64055EB /* Pods */ = {
			isa = PBXGroup;
			children = (
				157EF16733E61AD81BFD9093 /* Pods-ImageApp.debug.xcconfig */,
				74365F2B046CB7CE6F4DC8AD /* Pods-ImageApp.release.xcconfig */,
			);
			path = Pods;
			sourceTree = "<group>";
		};
		6A3500917BB68616FE49428B /* Frameworks */ = {
			isa = PBXGroup;
			children = (
				5EDA6CB498247040942BB914 /* Pods_ImageApp.framework */,
			);
			name = Frameworks;
			sourceTree = "<group>";
		};
		8338B37F231EE0130078B6EF = {
			isa = PBXGroup;
			children = (
				839512B4233544D7007226AA /* iOSPhotoEditor */,
				8338B38A231EE0130078B6EF /* ImageApp */,
				8338B389231EE0130078B6EF /* Products */,
				3C341B6536C1E803D64055EB /* Pods */,
				6A3500917BB68616FE49428B /* Frameworks */,
			);
			sourceTree = "<group>";
		};
		8338B389231EE0130078B6EF /* Products */ = {
			isa = PBXGroup;
			children = (
				8338B388231EE0130078B6EF /* ImageApp.app */,
			);
			name = Products;
			sourceTree = "<group>";
		};
		8338B38A231EE0130078B6EF /* ImageApp */ = {
			isa = PBXGroup;
			children = (
				8338B38B231EE0130078B6EF /* AppDelegate.swift */,
				8338B392231EE0140078B6EF /* Assets.xcassets */,
				8338B3AB231F118B0078B6EF /* EditListCell.swift */,
				8338B3A7231F10410078B6EF /* EditViewListController.swift */,
				8338B39F231EFA930078B6EF /* UploadViewController.swift */,
				8338B397231EE0140078B6EF /* Info.plist */,
				8338B3A3231EFDEA0078B6EF /* InitialViewController.swift */,
				8338B394231EE0140078B6EF /* LaunchScreen.storyboard */,
				8338B38F231EE0130078B6EF /* Main.storyboard */,
				8338B39D231EF9690078B6EF /* PHAssetExtensions.swift */,
				8338B3A5231F073F0078B6EF /* UploadCell.swift */,
				830B49282321C74D008AC4C1 /* PhotoAttachment.swift */,
				8338B2732332B1320048B71B /* SpinnerViewController.swift */,
			);
			path = ImageApp;
			sourceTree = "<group>";
		};
		839512B4233544D7007226AA /* iOSPhotoEditor */ = {
			isa = PBXGroup;
			children = (
				839512B5233544D7007226AA /* icomoon.ttf */,
				839512B6233544D7007226AA /* StickersViewController.xib */,
				839512B7233544D7007226AA /* ColorsCollectionViewDelegate.swift */,
				839512B8233544D7007226AA /* LaunchScreen.storyboard */,
				839512B9233544D7007226AA /* PhotoEditor+Keyboard.swift */,
				839512BA233544D7007226AA /* PhotoEditor+Controls.swift */,
				839512BB233544D7007226AA /* PhotoEditorViewController.xib */,
				839512BC233544D7007226AA /* PhotoEditor+StickersViewController.swift */,
				839512BD233544D7007226AA /* PhotoEditor+UITextView.swift */,
				839512BE233544D7007226AA /* UIImageView+Alpha.swift */,
				839512BF233544D7007226AA /* ColorCollectionViewCell.xib */,
				839512C0233544D7007226AA /* EmojiCollectionViewCell.xib */,
				839512C1233544D7007226AA /* PhotoEditor+Font.swift */,
				839512C2233544D7007226AA /* PhotoCropEditorBorder@2x.png */,
				839512C3233544D7007226AA /* UIView+Image.swift */,
				839512C4233544D7007226AA /* UIImage+Size.swift */,
				839512C5233544D7007226AA /* UIImage+Crop.swift */,
				839512C6233544D7007226AA /* StickersViewController.swift */,
				839512C7233544D7007226AA /* Protocols.swift */,
				839512C8233544D7007226AA /* PhotoEditor+Drawing.swift */,
				839512C9233544D7007226AA /* PhotoCropEditorBorder@3x.png */,
				839512CA233544D7007226AA /* PhotoCropEditorBorder.png */,
				839512CB233544D7007226AA /* EmojiCollectionViewCell.swift */,
				839512CC233544D7007226AA /* EmojisCollectionViewDelegate.swift */,
				839512CD233544D7007226AA /* CropView.swift */,
				839512CE233544D7007226AA /* ResizeControl.swift */,
				839512CF233544D7007226AA /* PhotoEditor+Gestures.swift */,
				839512D0233544D7007226AA /* PhotoEditorViewController.swift */,
				839512D1233544D7007226AA /* StickerCollectionViewCell.xib */,
				839512D2233544D7007226AA /* StickerCollectionViewCell.swift */,
				839512D3233544D7007226AA /* CropViewController.swift */,
				839512D4233544D7007226AA /* PhotoEditor+Crop.swift */,
				839512D5233544D7007226AA /* ColorCollectionViewCell.swift */,
				839512D6233544D7007226AA /* GradientView.swift */,
				839512D7233544D7007226AA /* CropRectView.swift */,
			);
			name = iOSPhotoEditor;
			path = "../photo-editor/iOSPhotoEditor";
			sourceTree = "<group>";
		};
/* End PBXGroup section */

/* Begin PBXNativeTarget section */
		8338B387231EE0130078B6EF /* ImageApp */ = {
			isa = PBXNativeTarget;
			buildConfigurationList = 8338B39A231EE0140078B6EF /* Build configuration list for PBXNativeTarget "ImageApp" */;
			buildPhases = (
				88C0F4D118532D7875AFF542 /* [CP] Check Pods Manifest.lock */,
				8338B384231EE0130078B6EF /* Sources */,
				8338B385231EE0130078B6EF /* Frameworks */,
				8338B386231EE0130078B6EF /* Resources */,
				BC5547133C458772849CD599 /* [CP] Embed Pods Frameworks */,
			);
			buildRules = (
			);
			dependencies = (
			);
			name = ImageApp;
			productName = ImageApp;
			productReference = 8338B388231EE0130078B6EF /* ImageApp.app */;
			productType = "com.apple.product-type.application";
		};
/* End PBXNativeTarget section */

/* Begin PBXProject section */
		8338B380231EE0130078B6EF /* Project object */ = {
			isa = PBXProject;
			attributes = {
				LastSwiftUpdateCheck = 1030;
				LastUpgradeCheck = 1030;
				ORGANIZATIONNAME = "Tero Jankko";
				TargetAttributes = {
					8338B387231EE0130078B6EF = {
						CreatedOnToolsVersion = 10.3;
					};
				};
			};
			buildConfigurationList = 8338B383231EE0130078B6EF /* Build configuration list for PBXProject "ImageApp" */;
			compatibilityVersion = "Xcode 9.3";
			developmentRegion = en;
			hasScannedForEncodings = 0;
			knownRegions = (
				en,
				Base,
			);
			mainGroup = 8338B37F231EE0130078B6EF;
			productRefGroup = 8338B389231EE0130078B6EF /* Products */;
			projectDirPath = "";
			projectRoot = "";
			targets = (
				8338B387231EE0130078B6EF /* ImageApp */,
			);
		};
/* End PBXProject section */

/* Begin PBXResourcesBuildPhase section */
		8338B386231EE0130078B6EF /* Resources */ = {
			isa = PBXResourcesBuildPhase;
			buildActionMask = 2147483647;
			files = (
				839512E3233544D7007226AA /* EmojiCollectionViewCell.xib in Resources */,
				8338B396231EE0140078B6EF /* LaunchScreen.storyboard in Resources */,
				8338B393231EE0140078B6EF /* Assets.xcassets in Resources */,
				839512F4233544D7007226AA /* StickerCollectionViewCell.xib in Resources */,
				839512ED233544D7007226AA /* PhotoCropEditorBorder.png in Resources */,
				839512E2233544D7007226AA /* ColorCollectionViewCell.xib in Resources */,
				839512DE233544D7007226AA /* PhotoEditorViewController.xib in Resources */,
				8338B391231EE0130078B6EF /* Main.storyboard in Resources */,
				839512E5233544D7007226AA /* PhotoCropEditorBorder@2x.png in Resources */,
				839512DB233544D7007226AA /* LaunchScreen.storyboard in Resources */,
				839512EC233544D7007226AA /* PhotoCropEditorBorder@3x.png in Resources */,
				839512D9233544D7007226AA /* StickersViewController.xib in Resources */,
				839512D8233544D7007226AA /* icomoon.ttf in Resources */,
			);
			runOnlyForDeploymentPostprocessing = 0;
		};
/* End PBXResourcesBuildPhase section */

/* Begin PBXShellScriptBuildPhase section */
		88C0F4D118532D7875AFF542 /* [CP] Check Pods Manifest.lock */ = {
			isa = PBXShellScriptBuildPhase;
			buildActionMask = 2147483647;
			files = (
			);
			inputFileListPaths = (
			);
			inputPaths = (
				"${PODS_PODFILE_DIR_PATH}/Podfile.lock",
				"${PODS_ROOT}/Manifest.lock",
			);
			name = "[CP] Check Pods Manifest.lock";
			outputFileListPaths = (
			);
			outputPaths = (
				"$(DERIVED_FILE_DIR)/Pods-ImageApp-checkManifestLockResult.txt",
			);
			runOnlyForDeploymentPostprocessing = 0;
			shellPath = /bin/sh;
			shellScript = "diff \"${PODS_PODFILE_DIR_PATH}/Podfile.lock\" \"${PODS_ROOT}/Manifest.lock\" > /dev/null\nif [ $? != 0 ] ; then\n    # print error to STDERR\n    echo \"error: The sandbox is not in sync with the Podfile.lock. Run 'pod install' or update your CocoaPods installation.\" >&2\n    exit 1\nfi\n# This output is used by Xcode 'outputs' to avoid re-running this script phase.\necho \"SUCCESS\" > \"${SCRIPT_OUTPUT_FILE_0}\"\n";
			showEnvVarsInLog = 0;
		};
		BC5547133C458772849CD599 /* [CP] Embed Pods Frameworks */ = {
			isa = PBXShellScriptBuildPhase;
			buildActionMask = 2147483647;
			files = (
			);
			inputFileListPaths = (
				"${PODS_ROOT}/Target Support Files/Pods-ImageApp/Pods-ImageApp-frameworks-${CONFIGURATION}-input-files.xcfilelist",
			);
			name = "[CP] Embed Pods Frameworks";
			outputFileListPaths = (
				"${PODS_ROOT}/Target Support Files/Pods-ImageApp/Pods-ImageApp-frameworks-${CONFIGURATION}-output-files.xcfilelist",
			);
			runOnlyForDeploymentPostprocessing = 0;
			shellPath = /bin/sh;
			shellScript = "\"${PODS_ROOT}/Target Support Files/Pods-ImageApp/Pods-ImageApp-frameworks.sh\"\n";
			showEnvVarsInLog = 0;
		};
/* End PBXShellScriptBuildPhase section */

/* Begin PBXSourcesBuildPhase section */
		8338B384231EE0130078B6EF /* Sources */ = {
			isa = PBXSourcesBuildPhase;
			buildActionMask = 2147483647;
			files = (
				839512E7233544D7007226AA /* UIImage+Size.swift in Sources */,
				839512DF233544D7007226AA /* PhotoEditor+StickersViewController.swift in Sources */,
				839512F9233544D7007226AA /* GradientView.swift in Sources */,
				839512EB233544D7007226AA /* PhotoEditor+Drawing.swift in Sources */,
				839512F5233544D7007226AA /* StickerCollectionViewCell.swift in Sources */,
				839512F2233544D7007226AA /* PhotoEditor+Gestures.swift in Sources */,
				830B49292321C74D008AC4C1 /* PhotoAttachment.swift in Sources */,
				839512DC233544D7007226AA /* PhotoEditor+Keyboard.swift in Sources */,
				839512F1233544D7007226AA /* ResizeControl.swift in Sources */,
				839512EE233544D7007226AA /* EmojiCollectionViewCell.swift in Sources */,
				839512DA233544D7007226AA /* ColorsCollectionViewDelegate.swift in Sources */,
				839512E6233544D7007226AA /* UIView+Image.swift in Sources */,
				839512E4233544D7007226AA /* PhotoEditor+Font.swift in Sources */,
				8338B3A4231EFDEA0078B6EF /* InitialViewController.swift in Sources */,
				8338B39E231EF9690078B6EF /* PHAssetExtensions.swift in Sources */,
				839512EA233544D7007226AA /* Protocols.swift in Sources */,
				8338B3A8231F10410078B6EF /* EditViewListController.swift in Sources */,
				8338B3AC231F118B0078B6EF /* EditListCell.swift in Sources */,
				839512F0233544D7007226AA /* CropView.swift in Sources */,
				839512EF233544D7007226AA /* EmojisCollectionViewDelegate.swift in Sources */,
				839512F3233544D7007226AA /* PhotoEditorViewController.swift in Sources */,
				839512F7233544D7007226AA /* PhotoEditor+Crop.swift in Sources */,
				8338B3A6231F073F0078B6EF /* UploadCell.swift in Sources */,
				839512E1233544D7007226AA /* UIImageView+Alpha.swift in Sources */,
				8338B2742332B1320048B71B /* SpinnerViewController.swift in Sources */,
				839512E9233544D7007226AA /* StickersViewController.swift in Sources */,
				839512FA233544D7007226AA /* CropRectView.swift in Sources */,
				839512E8233544D7007226AA /* UIImage+Crop.swift in Sources */,
				839512DD233544D7007226AA /* PhotoEditor+Controls.swift in Sources */,
				839512F6233544D7007226AA /* CropViewController.swift in Sources */,
				8338B3A0231EFA930078B6EF /* UploadViewController.swift in Sources */,
				8338B38C231EE0130078B6EF /* AppDelegate.swift in Sources */,
				839512F8233544D7007226AA /* ColorCollectionViewCell.swift in Sources */,
				839512E0233544D7007226AA /* PhotoEditor+UITextView.swift in Sources */,
			);
			runOnlyForDeploymentPostprocessing = 0;
		};
/* End PBXSourcesBuildPhase section */

/* Begin PBXVariantGroup section */
		8338B38F231EE0130078B6EF /* Main.storyboard */ = {
			isa = PBXVariantGroup;
			children = (
				8338B390231EE0130078B6EF /* Base */,
			);
			name = Main.storyboard;
			sourceTree = "<group>";
		};
		8338B394231EE0140078B6EF /* LaunchScreen.storyboard */ = {
			isa = PBXVariantGroup;
			children = (
				8338B395231EE0140078B6EF /* Base */,
			);
			name = LaunchScreen.storyboard;
			sourceTree = "<group>";
		};
/* End PBXVariantGroup section */

/* Begin XCBuildConfiguration section */
		8338B398231EE0140078B6EF /* Debug */ = {
			isa = XCBuildConfiguration;
			buildSettings = {
				ALWAYS_SEARCH_USER_PATHS = NO;
				CLANG_ANALYZER_NONNULL = YES;
				CLANG_ANALYZER_NUMBER_OBJECT_CONVERSION = YES_AGGRESSIVE;
				CLANG_CXX_LANGUAGE_STANDARD = "gnu++14";
				CLANG_CXX_LIBRARY = "libc++";
				CLANG_ENABLE_MODULES = YES;
				CLANG_ENABLE_OBJC_ARC = YES;
				CLANG_ENABLE_OBJC_WEAK = YES;
				CLANG_WARN_BLOCK_CAPTURE_AUTORELEASING = YES;
				CLANG_WARN_BOOL_CONVERSION = YES;
				CLANG_WARN_COMMA = YES;
				CLANG_WARN_CONSTANT_CONVERSION = YES;
				CLANG_WARN_DEPRECATED_OBJC_IMPLEMENTATIONS = YES;
				CLANG_WARN_DIRECT_OBJC_ISA_USAGE = YES_ERROR;
				CLANG_WARN_DOCUMENTATION_COMMENTS = YES;
				CLANG_WARN_EMPTY_BODY = YES;
				CLANG_WARN_ENUM_CONVERSION = YES;
				CLANG_WARN_INFINITE_RECURSION = YES;
				CLANG_WARN_INT_CONVERSION = YES;
				CLANG_WARN_NON_LITERAL_NULL_CONVERSION = YES;
				CLANG_WARN_OBJC_IMPLICIT_RETAIN_SELF = YES;
				CLANG_WARN_OBJC_LITERAL_CONVERSION = YES;
				CLANG_WARN_OBJC_ROOT_CLASS = YES_ERROR;
				CLANG_WARN_RANGE_LOOP_ANALYSIS = YES;
				CLANG_WARN_STRICT_PROTOTYPES = YES;
				CLANG_WARN_SUSPICIOUS_MOVE = YES;
				CLANG_WARN_UNGUARDED_AVAILABILITY = YES_AGGRESSIVE;
				CLANG_WARN_UNREACHABLE_CODE = YES;
				CLANG_WARN__DUPLICATE_METHOD_MATCH = YES;
				CODE_SIGN_IDENTITY = "iPhone Developer";
				COPY_PHASE_STRIP = NO;
				DEBUG_INFORMATION_FORMAT = dwarf;
				ENABLE_STRICT_OBJC_MSGSEND = YES;
				ENABLE_TESTABILITY = YES;
				GCC_C_LANGUAGE_STANDARD = gnu11;
				GCC_DYNAMIC_NO_PIC = NO;
				GCC_NO_COMMON_BLOCKS = YES;
				GCC_OPTIMIZATION_LEVEL = 0;
				GCC_PREPROCESSOR_DEFINITIONS = (
					"DEBUG=1",
					"$(inherited)",
				);
				GCC_WARN_64_TO_32_BIT_CONVERSION = YES;
				GCC_WARN_ABOUT_RETURN_TYPE = YES_ERROR;
				GCC_WARN_UNDECLARED_SELECTOR = YES;
				GCC_WARN_UNINITIALIZED_AUTOS = YES_AGGRESSIVE;
				GCC_WARN_UNUSED_FUNCTION = YES;
				GCC_WARN_UNUSED_VARIABLE = YES;
				IPHONEOS_DEPLOYMENT_TARGET = 12.4;
				MTL_ENABLE_DEBUG_INFO = INCLUDE_SOURCE;
				MTL_FAST_MATH = YES;
				ONLY_ACTIVE_ARCH = YES;
				SDKROOT = iphoneos;
				SWIFT_ACTIVE_COMPILATION_CONDITIONS = DEBUG;
				SWIFT_OPTIMIZATION_LEVEL = "-Onone";
			};
			name = Debug;
		};
		8338B399231EE0140078B6EF /* Release */ = {
			isa = XCBuildConfiguration;
			buildSettings = {
				ALWAYS_SEARCH_USER_PATHS = NO;
				CLANG_ANALYZER_NONNULL = YES;
				CLANG_ANALYZER_NUMBER_OBJECT_CONVERSION = YES_AGGRESSIVE;
				CLANG_CXX_LANGUAGE_STANDARD = "gnu++14";
				CLANG_CXX_LIBRARY = "libc++";
				CLANG_ENABLE_MODULES = YES;
				CLANG_ENABLE_OBJC_ARC = YES;
				CLANG_ENABLE_OBJC_WEAK = YES;
				CLANG_WARN_BLOCK_CAPTURE_AUTORELEASING = YES;
				CLANG_WARN_BOOL_CONVERSION = YES;
				CLANG_WARN_COMMA = YES;
				CLANG_WARN_CONSTANT_CONVERSION = YES;
				CLANG_WARN_DEPRECATED_OBJC_IMPLEMENTATIONS = YES;
				CLANG_WARN_DIRECT_OBJC_ISA_USAGE = YES_ERROR;
				CLANG_WARN_DOCUMENTATION_COMMENTS = YES;
				CLANG_WARN_EMPTY_BODY = YES;
				CLANG_WARN_ENUM_CONVERSION = YES;
				CLANG_WARN_INFINITE_RECURSION = YES;
				CLANG_WARN_INT_CONVERSION = YES;
				CLANG_WARN_NON_LITERAL_NULL_CONVERSION = YES;
				CLANG_WARN_OBJC_IMPLICIT_RETAIN_SELF = YES;
				CLANG_WARN_OBJC_LITERAL_CONVERSION = YES;
				CLANG_WARN_OBJC_ROOT_CLASS = YES_ERROR;
				CLANG_WARN_RANGE_LOOP_ANALYSIS = YES;
				CLANG_WARN_STRICT_PROTOTYPES = YES;
				CLANG_WARN_SUSPICIOUS_MOVE = YES;
				CLANG_WARN_UNGUARDED_AVAILABILITY = YES_AGGRESSIVE;
				CLANG_WARN_UNREACHABLE_CODE = YES;
				CLANG_WARN__DUPLICATE_METHOD_MATCH = YES;
				CODE_SIGN_IDENTITY = "iPhone Developer";
				COPY_PHASE_STRIP = NO;
				DEBUG_INFORMATION_FORMAT = "dwarf-with-dsym";
				ENABLE_NS_ASSERTIONS = NO;
				ENABLE_STRICT_OBJC_MSGSEND = YES;
				GCC_C_LANGUAGE_STANDARD = gnu11;
				GCC_NO_COMMON_BLOCKS = YES;
				GCC_WARN_64_TO_32_BIT_CONVERSION = YES;
				GCC_WARN_ABOUT_RETURN_TYPE = YES_ERROR;
				GCC_WARN_UNDECLARED_SELECTOR = YES;
				GCC_WARN_UNINITIALIZED_AUTOS = YES_AGGRESSIVE;
				GCC_WARN_UNUSED_FUNCTION = YES;
				GCC_WARN_UNUSED_VARIABLE = YES;
				IPHONEOS_DEPLOYMENT_TARGET = 12.4;
				MTL_ENABLE_DEBUG_INFO = NO;
				MTL_FAST_MATH = YES;
				SDKROOT = iphoneos;
				SWIFT_COMPILATION_MODE = wholemodule;
				SWIFT_OPTIMIZATION_LEVEL = "-O";
				VALIDATE_PRODUCT = YES;
			};
			name = Release;
		};
		8338B39B231EE0140078B6EF /* Debug */ = {
			isa = XCBuildConfiguration;
			baseConfigurationReference = 157EF16733E61AD81BFD9093 /* Pods-ImageApp.debug.xcconfig */;
			buildSettings = {
				ASSETCATALOG_COMPILER_APPICON_NAME = AppIcon;
				CODE_SIGN_STYLE = Automatic;
				DEVELOPMENT_TEAM = H99VXXT4N9;
				INFOPLIST_FILE = ImageApp/Info.plist;
				LD_RUNPATH_SEARCH_PATHS = (
					"$(inherited)",
					"@executable_path/Frameworks",
				);
				PRODUCT_BUNDLE_IDENTIFIER = com.tero.ImageApp;
				PRODUCT_NAME = "$(TARGET_NAME)";
				SWIFT_VERSION = 5.0;
				TARGETED_DEVICE_FAMILY = "1,2";
			};
			name = Debug;
		};
		8338B39C231EE0140078B6EF /* Release */ = {
			isa = XCBuildConfiguration;
			baseConfigurationReference = 74365F2B046CB7CE6F4DC8AD /* Pods-ImageApp.release.xcconfig */;
			buildSettings = {
				ASSETCATALOG_COMPILER_APPICON_NAME = AppIcon;
				CODE_SIGN_STYLE = Automatic;
				DEVELOPMENT_TEAM = H99VXXT4N9;
				INFOPLIST_FILE = ImageApp/Info.plist;
				LD_RUNPATH_SEARCH_PATHS = (
					"$(inherited)",
					"@executable_path/Frameworks",
				);
				PRODUCT_BUNDLE_IDENTIFIER = com.tero.ImageApp;
				PRODUCT_NAME = "$(TARGET_NAME)";
				SWIFT_VERSION = 5.0;
				TARGETED_DEVICE_FAMILY = "1,2";
			};
			name = Release;
		};
/* End XCBuildConfiguration section */

/* Begin XCConfigurationList section */
		8338B383231EE0130078B6EF /* Build configuration list for PBXProject "ImageApp" */ = {
			isa = XCConfigurationList;
			buildConfigurations = (
				8338B398231EE0140078B6EF /* Debug */,
				8338B399231EE0140078B6EF /* Release */,
			);
			defaultConfigurationIsVisible = 0;
			defaultConfigurationName = Release;
		};
		8338B39A231EE0140078B6EF /* Build configuration list for PBXNativeTarget "ImageApp" */ = {
			isa = XCConfigurationList;
			buildConfigurations = (
				8338B39B231EE0140078B6EF /* Debug */,
				8338B39C231EE0140078B6EF /* Release */,
			);
			defaultConfigurationIsVisible = 0;
			defaultConfigurationName = Release;
		};
/* End XCConfigurationList section */
	};
	rootObject = 8338B380231EE0130078B6EF /* Project object */;
}
